
Microsoft Visual Studio Solution File, Format Version 12.00
# Visual Studio 15
VisualStudioVersion = 15.0.26730.15
MinimumVisualStudioVersion = 10.0.40219.1
Project("{FAE04EC0-301F-11D3-BF4B-00C04F79EFBC}") = "UDPFlowControl", "UDPFlowControl\UDPFlowControl.csproj", "{A2EDCF66-5205-4C0A-80BD-E20B947C6A2E}"
EndProject
Global
	GlobalSection(SolutionConfigurationPlatforms) = preSolution
		Debug|Any CPU = Debug|Any CPU
		Release|Any CPU = Release|Any CPU
	EndGlobalSection
	GlobalSection(ProjectConfigurationPlatforms) = postSolution
		{A2EDCF66-5205-4C0A-80BD-E20B947C6A2E}.Debug|Any CPU.ActiveCfg = Debug|Any CPU
		{A2EDCF66-5205-4C0A-80BD-E20B947C6A2E}.Debug|Any CPU.Build.0 = Debug|Any CPU
		{A2EDCF66-5205-4C0A-80BD-E20B947C6A2E}.Release|Any CPU.ActiveCfg = Release|Any CPU
		{A2EDCF66-5205-4C0A-80BD-E20B947C6A2E}.Release|Any CPU.Build.0 = Release|Any CPU
	EndGlobalSection
	GlobalSection(SolutionProperties) = preSolution
		HideSolutionNode = FALSE
	EndGlobalSection
	GlobalSection(ExtensibilityGlobals) = postSolution
		SolutionGuid = {D77BE64A-73E6-4678-97F6-73E2203898C8}
	EndGlobalSection
EndGlobal
